
Microsoft Visual Studio Solution File, Format Version 12.00
# Visual Studio Version 17
VisualStudioVersion = 17.8.34330.188
MinimumVisualStudioVersion = 10.0.40219.1
Project("{FAE04EC0-301F-11D3-BF4B-00C04F79EFBC}") = "BlogProject", "BlogProject.csproj", "{4F9F0A06-658A-49AD-8731-920294CA6ADE}"
EndProject
Global
	GlobalSection(SolutionConfigurationPlatforms) = preSolution
		Debug|Any CPU = Debug|Any CPU
		Release|Any CPU = Release|Any CPU
	EndGlobalSection
	GlobalSection(ProjectConfigurationPlatforms) = postSolution
		{4F9F0A06-658A-49AD-8731-920294CA6ADE}.Debug|Any CPU.ActiveCfg = Debug|Any CPU
		{4F9F0A06-658A-49AD-8731-920294CA6ADE}.Debug|Any CPU.Build.0 = Debug|Any CPU
		{4F9F0A06-658A-49AD-8731-920294CA6ADE}.Release|Any CPU.ActiveCfg = Release|Any CPU
		{4F9F0A06-658A-49AD-8731-920294CA6ADE}.Release|Any CPU.Build.0 = Release|Any CPU
	EndGlobalSection
	GlobalSection(SolutionProperties) = preSolution
		HideSolutionNode = FALSE
	EndGlobalSection
	GlobalSection(ExtensibilityGlobals) = postSolution
		SolutionGuid = {2002EA71-92EB-42B5-B689-DF85501B5D61}
	EndGlobalSection
EndGlobal
